# This file is autogenerated by pip-compile with Python 3.12
# To update, run: pip-compile --generate-hashes requirements.txt
#
# Requirements lock for nocturne-adapter
# NOTE: hashes should be regenerated with `pip-compile --generate-hashes` on a clean env.

fastapi>=0.115.0
httpx>=0.27.0
uvicorn[standard]>=0.30.0
pydantic>=2.8.0
psycopg[binary]>=3.2.0
mcp>=1.15.0,<2
